
Microsoft Visual Studio Solution File, Format Version 12.00
# Visual Studio Version 17
VisualStudioVersion = 17.9.34728.123
MinimumVisualStudioVersion = 10.0.40219.1
Project("{FAE04EC0-301F-11D3-BF4B-00C04F79EFBC}") = "UserPreferencesBlazorWebApp", "UserPreferencesBlazorWebApp.csproj", "{76F5C6DA-BF82-47EC-91E0-5B64611F1366}"
EndProject
Global
	GlobalSection(SolutionConfigurationPlatforms) = preSolution
		Debug|Any CPU = Debug|Any CPU
		Release|Any CPU = Release|Any CPU
	EndGlobalSection
	GlobalSection(ProjectConfigurationPlatforms) = postSolution
		{76F5C6DA-BF82-47EC-91E0-5B64611F1366}.Debug|Any CPU.ActiveCfg = Debug|Any CPU
		{76F5C6DA-BF82-47EC-91E0-5B64611F1366}.Debug|Any CPU.Build.0 = Debug|Any CPU
		{76F5C6DA-BF82-47EC-91E0-5B64611F1366}.Release|Any CPU.ActiveCfg = Release|Any CPU
		{76F5C6DA-BF82-47EC-91E0-5B64611F1366}.Release|Any CPU.Build.0 = Release|Any CPU
	EndGlobalSection
	GlobalSection(SolutionProperties) = preSolution
		HideSolutionNode = FALSE
	EndGlobalSection
	GlobalSection(ExtensibilityGlobals) = postSolution
		SolutionGuid = {13290966-A3A6-46AA-B3F5-C866438E32BE}
	EndGlobalSection
EndGlobal
